
Microsoft Visual Studio Solution File, Format Version 12.00
# Visual Studio Version 17
VisualStudioVersion = 17.7.34221.43
MinimumVisualStudioVersion = 10.0.40219.1
Project("{FAE04EC0-301F-11D3-BF4B-00C04F79EFBC}") = "10. Observer", "10. Observer.csproj", "{6ECA493E-130F-4E48-B2B7-1790D50AC5BF}"
EndProject
Global
	GlobalSection(SolutionConfigurationPlatforms) = preSolution
		Debug|Any CPU = Debug|Any CPU
		Release|Any CPU = Release|Any CPU
	EndGlobalSection
	GlobalSection(ProjectConfigurationPlatforms) = postSolution
		{6ECA493E-130F-4E48-B2B7-1790D50AC5BF}.Debug|Any CPU.ActiveCfg = Debug|Any CPU
		{6ECA493E-130F-4E48-B2B7-1790D50AC5BF}.Debug|Any CPU.Build.0 = Debug|Any CPU
		{6ECA493E-130F-4E48-B2B7-1790D50AC5BF}.Release|Any CPU.ActiveCfg = Release|Any CPU
		{6ECA493E-130F-4E48-B2B7-1790D50AC5BF}.Release|Any CPU.Build.0 = Release|Any CPU
	EndGlobalSection
	GlobalSection(SolutionProperties) = preSolution
		HideSolutionNode = FALSE
	EndGlobalSection
	GlobalSection(ExtensibilityGlobals) = postSolution
		SolutionGuid = {254D640B-DB8E-42FA-8207-A6AB04DB09B1}
	EndGlobalSection
EndGlobal
